
Microsoft Visual Studio Solution File, Format Version 12.00
# Visual Studio Version 16
VisualStudioVersion = 16.0.30309.148
MinimumVisualStudioVersion = 10.0.40219.1
Project("{FAE04EC0-301F-11D3-BF4B-00C04F79EFBC}") = "BluePrism.Api", "BluePrism.Api\BluePrism.Api.csproj", "{3424A6F2-87C4-4DE9-8AD3-831B8260765A}"
EndProject
Project("{FAE04EC0-301F-11D3-BF4B-00C04F79EFBC}") = "BluePrism.Api.Services", "BluePrism.Api.Services\BluePrism.Api.Services.csproj", "{86836751-0D82-420F-B0F5-A2D4417886B2}"
EndProject
Project("{2150E333-8FDC-42A3-9474-1A3956D46DE8}") = "Solution Items", "Solution Items", "{452C9CB1-8EB1-4002-A9E3-B5576F72D3D2}"
	ProjectSection(SolutionItems) = preProject
		BluePrism.Api\readme.md = BluePrism.Api\readme.md
	EndProjectSection
EndProject
Project("{FAE04EC0-301F-11D3-BF4B-00C04F79EFBC}") = "BluePrism.Api.IntegrationTests", "BluePrism.Api.IntegrationTests\BluePrism.Api.IntegrationTests.csproj", "{A2A1577E-AF80-41DD-9B16-BAF84B9F0F23}"
EndProject
Project("{2150E333-8FDC-42A3-9474-1A3956D46DE8}") = "Tests", "Tests", "{DD47D4B9-484A-477E-BEED-3BD3A2D8F921}"
EndProject
Project("{FAE04EC0-301F-11D3-BF4B-00C04F79EFBC}") = "BluePrism.Api.Services.UnitTests", "BluePrism.Api.Services.UnitTests\BluePrism.Api.Services.UnitTests.csproj", "{6C29C1A8-DDBF-4D2B-8D85-5BD579F87400}"
EndProject
Project("{FAE04EC0-301F-11D3-BF4B-00C04F79EFBC}") = "BluePrism.Api.BpLibAdapters", "BluePrism.Api.BpLibAdapters\BluePrism.Api.BpLibAdapters.csproj", "{A8E8C497-1CF5-4290-A2FB-EEEFC38F0D2F}"
EndProject
Project("{FAE04EC0-301F-11D3-BF4B-00C04F79EFBC}") = "BluePrism.Api.Domain", "BluePrism.Api.Domain\BluePrism.Api.Domain.csproj", "{A8D2564F-50BF-4A04-8503-7FA8EBC88B12}"
EndProject
Project("{FAE04EC0-301F-11D3-BF4B-00C04F79EFBC}") = "BluePrism.Api.BpLibAdapters.UnitTests", "BluePrism.Api.BpLibAdapters.UnitTests\BluePrism.Api.BpLibAdapters.UnitTests.csproj", "{D0062B59-0BBF-4CC7-A0D8-A6E21A38C0AF}"
EndProject
Project("{FAE04EC0-301F-11D3-BF4B-00C04F79EFBC}") = "BluePrism.Api.Domain.StaticAnalysisTests", "BluePrism.Api.Domain.StaticAnalysisTests\BluePrism.Api.Domain.StaticAnalysisTests.csproj", "{A18C8F7A-40B6-4B03-B27F-36E01C285673}"
EndProject
Project("{FAE04EC0-301F-11D3-BF4B-00C04F79EFBC}") = "BluePrism.Api.CommonTestClasses", "BluePrism.Api.CommonTestClasses\BluePrism.Api.CommonTestClasses.csproj", "{03515589-A004-4586-8338-AA5107ABAFE0}"
EndProject
Project("{FAE04EC0-301F-11D3-BF4B-00C04F79EFBC}") = "BluePrism.Api.UnitTests", "BluePrism.Api.UnitTests\BluePrism.Api.UnitTests.csproj", "{3B472613-660C-4B2B-B402-7826371E4789}"
EndProject
Project("{2150E333-8FDC-42A3-9474-1A3956D46DE8}") = "Utilities", "Utilities", "{9D98AD03-EA16-4CAA-A8AD-74E4F5910BE8}"
EndProject
Project("{FAE04EC0-301F-11D3-BF4B-00C04F79EFBC}") = "BluePrism.Api.Utilities.DocumentationSplitter", "BluePrism.Api.Utilities.DocumentationSplitter\BluePrism.Api.Utilities.DocumentationSplitter.csproj", "{36F64FBE-47A8-4E96-9BE9-7A0AA94E21CB}"
EndProject
Project("{FAE04EC0-301F-11D3-BF4B-00C04F79EFBC}") = "BluePrism.Api.Models.UnitTests", "BluePrism.Api.Models.UnitTests\BluePrism.Api.Models.UnitTests.csproj", "{6434AFE6-C4D8-4A05-AC1A-F4EE92CF7DD2}"
EndProject
Project("{2150E333-8FDC-42A3-9474-1A3956D46DE8}") = "Specification", "Specification", "{7229C63A-08E9-4244-8AA9-EFC3DCA641AB}"
EndProject
Project("{9A19103F-16F7-4668-BE54-9A1E7A4F7556}") = "BluePrism.Api.Specification", "BluePrism.Api.Specification\BluePrism.Api.Specification.csproj", "{8B956869-4872-48DD-9AE7-8B69BC344E2B}"
EndProject
Project("{FAE04EC0-301F-11D3-BF4B-00C04F79EFBC}") = "BluePrism.Api.Models", "BluePrism.Api.Models\BluePrism.Api.Models.csproj", "{9D48FB48-5516-44A8-B335-D8B8B5ADBFAC}"
EndProject
Project("{FAE04EC0-301F-11D3-BF4B-00C04F79EFBC}") = "BluePrism.Logging", "BluePrism.Logging\BluePrism.Logging.csproj", "{6DC141CD-2E58-47E3-B169-9031A8EA6034}"
EndProject
Project("{FAE04EC0-301F-11D3-BF4B-00C04F79EFBC}") = "BluePrism.Api.Utilities.MockOpenIdConnectServer", "BluePrism.Api.Utilities.MockOpenIdConnectServer\BluePrism.Api.Utilities.MockOpenIdConnectServer.csproj", "{59CBD72A-4EA7-4573-9173-6541B5FB4787}"
EndProject
Global
	GlobalSection(SolutionConfigurationPlatforms) = preSolution
		Debug (Resharper)|Any CPU = Debug (Resharper)|Any CPU
		Debug|Any CPU = Debug|Any CPU
		Release|Any CPU = Release|Any CPU
	EndGlobalSection
	GlobalSection(ProjectConfigurationPlatforms) = postSolution
		{3424A6F2-87C4-4DE9-8AD3-831B8260765A}.Debug (Resharper)|Any CPU.ActiveCfg = Debug|Any CPU
		{3424A6F2-87C4-4DE9-8AD3-831B8260765A}.Debug (Resharper)|Any CPU.Build.0 = Debug|Any CPU
		{3424A6F2-87C4-4DE9-8AD3-831B8260765A}.Debug|Any CPU.ActiveCfg = Debug|Any CPU
		{3424A6F2-87C4-4DE9-8AD3-831B8260765A}.Debug|Any CPU.Build.0 = Debug|Any CPU
		{3424A6F2-87C4-4DE9-8AD3-831B8260765A}.Release|Any CPU.ActiveCfg = Release|Any CPU
		{3424A6F2-87C4-4DE9-8AD3-831B8260765A}.Release|Any CPU.Build.0 = Release|Any CPU
		{86836751-0D82-420F-B0F5-A2D4417886B2}.Debug (Resharper)|Any CPU.ActiveCfg = Debug|Any CPU
		{86836751-0D82-420F-B0F5-A2D4417886B2}.Debug (Resharper)|Any CPU.Build.0 = Debug|Any CPU
		{86836751-0D82-420F-B0F5-A2D4417886B2}.Debug|Any CPU.ActiveCfg = Debug|Any CPU
		{86836751-0D82-420F-B0F5-A2D4417886B2}.Debug|Any CPU.Build.0 = Debug|Any CPU
		{86836751-0D82-420F-B0F5-A2D4417886B2}.Release|Any CPU.ActiveCfg = Release|Any CPU
		{86836751-0D82-420F-B0F5-A2D4417886B2}.Release|Any CPU.Build.0 = Release|Any CPU
		{A2A1577E-AF80-41DD-9B16-BAF84B9F0F23}.Debug (Resharper)|Any CPU.ActiveCfg = Debug (Resharper)|Any CPU
		{A2A1577E-AF80-41DD-9B16-BAF84B9F0F23}.Debug (Resharper)|Any CPU.Build.0 = Debug (Resharper)|Any CPU
		{A2A1577E-AF80-41DD-9B16-BAF84B9F0F23}.Debug|Any CPU.ActiveCfg = Debug|Any CPU
		{A2A1577E-AF80-41DD-9B16-BAF84B9F0F23}.Debug|Any CPU.Build.0 = Debug|Any CPU
		{A2A1577E-AF80-41DD-9B16-BAF84B9F0F23}.Release|Any CPU.ActiveCfg = Release|Any CPU
		{A2A1577E-AF80-41DD-9B16-BAF84B9F0F23}.Release|Any CPU.Build.0 = Release|Any CPU
		{6C29C1A8-DDBF-4D2B-8D85-5BD579F87400}.Debug (Resharper)|Any CPU.ActiveCfg = Debug (Resharper)|Any CPU
		{6C29C1A8-DDBF-4D2B-8D85-5BD579F87400}.Debug (Resharper)|Any CPU.Build.0 = Debug (Resharper)|Any CPU
		{6C29C1A8-DDBF-4D2B-8D85-5BD579F87400}.Debug|Any CPU.ActiveCfg = Debug|Any CPU
		{6C29C1A8-DDBF-4D2B-8D85-5BD579F87400}.Debug|Any CPU.Build.0 = Debug|Any CPU
		{6C29C1A8-DDBF-4D2B-8D85-5BD579F87400}.Release|Any CPU.ActiveCfg = Release|Any CPU
		{6C29C1A8-DDBF-4D2B-8D85-5BD579F87400}.Release|Any CPU.Build.0 = Release|Any CPU
		{A8E8C497-1CF5-4290-A2FB-EEEFC38F0D2F}.Debug (Resharper)|Any CPU.ActiveCfg = Debug|Any CPU
		{A8E8C497-1CF5-4290-A2FB-EEEFC38F0D2F}.Debug (Resharper)|Any CPU.Build.0 = Debug|Any CPU
		{A8E8C497-1CF5-4290-A2FB-EEEFC38F0D2F}.Debug|Any CPU.ActiveCfg = Debug|Any CPU
		{A8E8C497-1CF5-4290-A2FB-EEEFC38F0D2F}.Debug|Any CPU.Build.0 = Debug|Any CPU
		{A8E8C497-1CF5-4290-A2FB-EEEFC38F0D2F}.Release|Any CPU.ActiveCfg = Release|Any CPU
		{A8E8C497-1CF5-4290-A2FB-EEEFC38F0D2F}.Release|Any CPU.Build.0 = Release|Any CPU
		{A8D2564F-50BF-4A04-8503-7FA8EBC88B12}.Debug (Resharper)|Any CPU.ActiveCfg = Debug|Any CPU
		{A8D2564F-50BF-4A04-8503-7FA8EBC88B12}.Debug (Resharper)|Any CPU.Build.0 = Debug|Any CPU
		{A8D2564F-50BF-4A04-8503-7FA8EBC88B12}.Debug|Any CPU.ActiveCfg = Debug|Any CPU
		{A8D2564F-50BF-4A04-8503-7FA8EBC88B12}.Debug|Any CPU.Build.0 = Debug|Any CPU
		{A8D2564F-50BF-4A04-8503-7FA8EBC88B12}.Release|Any CPU.ActiveCfg = Release|Any CPU
		{A8D2564F-50BF-4A04-8503-7FA8EBC88B12}.Release|Any CPU.Build.0 = Release|Any CPU
		{D0062B59-0BBF-4CC7-A0D8-A6E21A38C0AF}.Debug (Resharper)|Any CPU.ActiveCfg = Debug|Any CPU
		{D0062B59-0BBF-4CC7-A0D8-A6E21A38C0AF}.Debug (Resharper)|Any CPU.Build.0 = Debug|Any CPU
		{D0062B59-0BBF-4CC7-A0D8-A6E21A38C0AF}.Debug|Any CPU.ActiveCfg = Debug|Any CPU
		{D0062B59-0BBF-4CC7-A0D8-A6E21A38C0AF}.Debug|Any CPU.Build.0 = Debug|Any CPU
		{D0062B59-0BBF-4CC7-A0D8-A6E21A38C0AF}.Release|Any CPU.ActiveCfg = Release|Any CPU
		{D0062B59-0BBF-4CC7-A0D8-A6E21A38C0AF}.Release|Any CPU.Build.0 = Release|Any CPU
		{A18C8F7A-40B6-4B03-B27F-36E01C285673}.Debug (Resharper)|Any CPU.ActiveCfg = Debug|Any CPU
		{A18C8F7A-40B6-4B03-B27F-36E01C285673}.Debug (Resharper)|Any CPU.Build.0 = Debug|Any CPU
		{A18C8F7A-40B6-4B03-B27F-36E01C285673}.Debug|Any CPU.ActiveCfg = Debug|Any CPU
		{A18C8F7A-40B6-4B03-B27F-36E01C285673}.Debug|Any CPU.Build.0 = Debug|Any CPU
		{A18C8F7A-40B6-4B03-B27F-36E01C285673}.Release|Any CPU.ActiveCfg = Release|Any CPU
		{A18C8F7A-40B6-4B03-B27F-36E01C285673}.Release|Any CPU.Build.0 = Release|Any CPU
		{03515589-A004-4586-8338-AA5107ABAFE0}.Debug (Resharper)|Any CPU.ActiveCfg = Debug|Any CPU
		{03515589-A004-4586-8338-AA5107ABAFE0}.Debug (Resharper)|Any CPU.Build.0 = Debug|Any CPU
		{03515589-A004-4586-8338-AA5107ABAFE0}.Debug|Any CPU.ActiveCfg = Debug|Any CPU
		{03515589-A004-4586-8338-AA5107ABAFE0}.Debug|Any CPU.Build.0 = Debug|Any CPU
		{03515589-A004-4586-8338-AA5107ABAFE0}.Release|Any CPU.ActiveCfg = Release|Any CPU
		{03515589-A004-4586-8338-AA5107ABAFE0}.Release|Any CPU.Build.0 = Release|Any CPU
		{3B472613-660C-4B2B-B402-7826371E4789}.Debug (Resharper)|Any CPU.ActiveCfg = Debug (Resharper)|Any CPU
		{3B472613-660C-4B2B-B402-7826371E4789}.Debug (Resharper)|Any CPU.Build.0 = Debug (Resharper)|Any CPU
		{3B472613-660C-4B2B-B402-7826371E4789}.Debug|Any CPU.ActiveCfg = Debug|Any CPU
		{3B472613-660C-4B2B-B402-7826371E4789}.Debug|Any CPU.Build.0 = Debug|Any CPU
		{3B472613-660C-4B2B-B402-7826371E4789}.Release|Any CPU.ActiveCfg = Release|Any CPU
		{3B472613-660C-4B2B-B402-7826371E4789}.Release|Any CPU.Build.0 = Release|Any CPU
		{36F64FBE-47A8-4E96-9BE9-7A0AA94E21CB}.Debug (Resharper)|Any CPU.ActiveCfg = Debug|Any CPU
		{36F64FBE-47A8-4E96-9BE9-7A0AA94E21CB}.Debug (Resharper)|Any CPU.Build.0 = Debug|Any CPU
		{36F64FBE-47A8-4E96-9BE9-7A0AA94E21CB}.Debug|Any CPU.ActiveCfg = Debug|Any CPU
		{36F64FBE-47A8-4E96-9BE9-7A0AA94E21CB}.Debug|Any CPU.Build.0 = Debug|Any CPU
		{36F64FBE-47A8-4E96-9BE9-7A0AA94E21CB}.Release|Any CPU.ActiveCfg = Release|Any CPU
		{36F64FBE-47A8-4E96-9BE9-7A0AA94E21CB}.Release|Any CPU.Build.0 = Release|Any CPU
		{6434AFE6-C4D8-4A05-AC1A-F4EE92CF7DD2}.Debug (Resharper)|Any CPU.ActiveCfg = Debug|Any CPU
		{6434AFE6-C4D8-4A05-AC1A-F4EE92CF7DD2}.Debug (Resharper)|Any CPU.Build.0 = Debug|Any CPU
		{6434AFE6-C4D8-4A05-AC1A-F4EE92CF7DD2}.Debug|Any CPU.ActiveCfg = Debug|Any CPU
		{6434AFE6-C4D8-4A05-AC1A-F4EE92CF7DD2}.Debug|Any CPU.Build.0 = Debug|Any CPU
		{6434AFE6-C4D8-4A05-AC1A-F4EE92CF7DD2}.Release|Any CPU.ActiveCfg = Release|Any CPU
		{6434AFE6-C4D8-4A05-AC1A-F4EE92CF7DD2}.Release|Any CPU.Build.0 = Release|Any CPU
		{8B956869-4872-48DD-9AE7-8B69BC344E2B}.Debug (Resharper)|Any CPU.ActiveCfg = Debug|Any CPU
		{8B956869-4872-48DD-9AE7-8B69BC344E2B}.Debug (Resharper)|Any CPU.Build.0 = Debug|Any CPU
		{8B956869-4872-48DD-9AE7-8B69BC344E2B}.Debug|Any CPU.ActiveCfg = Debug|Any CPU
		{8B956869-4872-48DD-9AE7-8B69BC344E2B}.Debug|Any CPU.Build.0 = Debug|Any CPU
		{8B956869-4872-48DD-9AE7-8B69BC344E2B}.Release|Any CPU.ActiveCfg = Release|Any CPU
		{8B956869-4872-48DD-9AE7-8B69BC344E2B}.Release|Any CPU.Build.0 = Release|Any CPU
		{9D48FB48-5516-44A8-B335-D8B8B5ADBFAC}.Debug (Resharper)|Any CPU.ActiveCfg = Debug|Any CPU
		{9D48FB48-5516-44A8-B335-D8B8B5ADBFAC}.Debug (Resharper)|Any CPU.Build.0 = Debug|Any CPU
		{9D48FB48-5516-44A8-B335-D8B8B5ADBFAC}.Debug|Any CPU.ActiveCfg = Debug|Any CPU
		{9D48FB48-5516-44A8-B335-D8B8B5ADBFAC}.Debug|Any CPU.Build.0 = Debug|Any CPU
		{9D48FB48-5516-44A8-B335-D8B8B5ADBFAC}.Release|Any CPU.ActiveCfg = Release|Any CPU
		{9D48FB48-5516-44A8-B335-D8B8B5ADBFAC}.Release|Any CPU.Build.0 = Release|Any CPU
		{6DC141CD-2E58-47E3-B169-9031A8EA6034}.Debug (Resharper)|Any CPU.ActiveCfg = Debug|Any CPU
		{6DC141CD-2E58-47E3-B169-9031A8EA6034}.Debug (Resharper)|Any CPU.Build.0 = Debug|Any CPU
		{6DC141CD-2E58-47E3-B169-9031A8EA6034}.Debug|Any CPU.ActiveCfg = Debug|Any CPU
		{6DC141CD-2E58-47E3-B169-9031A8EA6034}.Debug|Any CPU.Build.0 = Debug|Any CPU
		{6DC141CD-2E58-47E3-B169-9031A8EA6034}.Release|Any CPU.ActiveCfg = Release|Any CPU
		{6DC141CD-2E58-47E3-B169-9031A8EA6034}.Release|Any CPU.Build.0 = Release|Any CPU
		{59CBD72A-4EA7-4573-9173-6541B5FB4787}.Debug (Resharper)|Any CPU.ActiveCfg = Debug|Any CPU
		{59CBD72A-4EA7-4573-9173-6541B5FB4787}.Debug (Resharper)|Any CPU.Build.0 = Debug|Any CPU
		{59CBD72A-4EA7-4573-9173-6541B5FB4787}.Debug|Any CPU.ActiveCfg = Debug|Any CPU
		{59CBD72A-4EA7-4573-9173-6541B5FB4787}.Debug|Any CPU.Build.0 = Debug|Any CPU
		{59CBD72A-4EA7-4573-9173-6541B5FB4787}.Release|Any CPU.ActiveCfg = Release|Any CPU
		{59CBD72A-4EA7-4573-9173-6541B5FB4787}.Release|Any CPU.Build.0 = Release|Any CPU
	EndGlobalSection
	GlobalSection(SolutionProperties) = preSolution
		HideSolutionNode = FALSE
	EndGlobalSection
	GlobalSection(NestedProjects) = preSolution
		{A2A1577E-AF80-41DD-9B16-BAF84B9F0F23} = {DD47D4B9-484A-477E-BEED-3BD3A2D8F921}
		{6C29C1A8-DDBF-4D2B-8D85-5BD579F87400} = {DD47D4B9-484A-477E-BEED-3BD3A2D8F921}
		{D0062B59-0BBF-4CC7-A0D8-A6E21A38C0AF} = {DD47D4B9-484A-477E-BEED-3BD3A2D8F921}
		{A18C8F7A-40B6-4B03-B27F-36E01C285673} = {DD47D4B9-484A-477E-BEED-3BD3A2D8F921}
		{03515589-A004-4586-8338-AA5107ABAFE0} = {DD47D4B9-484A-477E-BEED-3BD3A2D8F921}
		{3B472613-660C-4B2B-B402-7826371E4789} = {DD47D4B9-484A-477E-BEED-3BD3A2D8F921}
		{36F64FBE-47A8-4E96-9BE9-7A0AA94E21CB} = {9D98AD03-EA16-4CAA-A8AD-74E4F5910BE8}
		{6434AFE6-C4D8-4A05-AC1A-F4EE92CF7DD2} = {DD47D4B9-484A-477E-BEED-3BD3A2D8F921}
		{8B956869-4872-48DD-9AE7-8B69BC344E2B} = {7229C63A-08E9-4244-8AA9-EFC3DCA641AB}
		{59CBD72A-4EA7-4573-9173-6541B5FB4787} = {9D98AD03-EA16-4CAA-A8AD-74E4F5910BE8}
	EndGlobalSection
	GlobalSection(ExtensibilityGlobals) = postSolution
		SolutionGuid = {711C1EFD-1C95-497F-B7F8-910920D01BA8}
	EndGlobalSection
EndGlobal
