
Microsoft Visual Studio Solution File, Format Version 9.00
# Visual Studio 2005
Project("{FAE04EC0-301F-11D3-BF4B-00C04F79EFBC}") = "BPJabInstaller", "BPJabInstaller.csproj", "{DFDDED6B-E438-4CDC-B747-60746F65E08A}"
EndProject
Global
	GlobalSection(SolutionConfigurationPlatforms) = preSolution
		Debug|Any CPU = Debug|Any CPU
		Release|Any CPU = Release|Any CPU
	EndGlobalSection
	GlobalSection(ProjectConfigurationPlatforms) = postSolution
		{DFDDED6B-E438-4CDC-B747-60746F65E08A}.Debug|Any CPU.ActiveCfg = Debug|Any CPU
		{DFDDED6B-E438-4CDC-B747-60746F65E08A}.Debug|Any CPU.Build.0 = Debug|Any CPU
		{DFDDED6B-E438-4CDC-B747-60746F65E08A}.Release|Any CPU.ActiveCfg = Release|Any CPU
		{DFDDED6B-E438-4CDC-B747-60746F65E08A}.Release|Any CPU.Build.0 = Release|Any CPU
	EndGlobalSection
	GlobalSection(SolutionProperties) = preSolution
		HideSolutionNode = FALSE
	EndGlobalSection
EndGlobal
