
Microsoft Visual Studio Solution File, Format Version 12.00
# Visual Studio Version 16
VisualStudioVersion = 16.0.30309.148
MinimumVisualStudioVersion = 10.0.40219.1
Project("{FAE04EC0-301F-11D3-BF4B-00C04F79EFBC}") = "BluePrism.Api.Setup", "BluePrism.Api.Setup\BluePrism.Api.Setup.csproj", "{9AF56377-5B92-4CC0-B0B3-D982ED793406}"
EndProject
Project("{FAE04EC0-301F-11D3-BF4B-00C04F79EFBC}") = "BluePrism.Api.Setup.Common", "BluePrism.Api.Setup.Common\BluePrism.Api.Setup.Common.csproj", "{A71D4B13-898C-4074-923D-1974E7E85012}"
EndProject
Project("{FAE04EC0-301F-11D3-BF4B-00C04F79EFBC}") = "BluePrism.Api.Setup.CustomActions", "BluePrism.Api.Setup.CustomActions\BluePrism.Api.Setup.CustomActions.csproj", "{5970622C-B2B4-4C54-B388-BB7E928D1F27}"
EndProject
Project("{FAE04EC0-301F-11D3-BF4B-00C04F79EFBC}") = "BluePrism.WixSharp.Localization", "BluePrism.WixSharp.Localization\BluePrism.WixSharp.Localization.csproj", "{0A22F03B-8366-41F0-87E2-B18BF0825DE0}"
EndProject
Project("{FAE04EC0-301F-11D3-BF4B-00C04F79EFBC}") = "BluePrism.Api.Setup.LocalizationUtility", "BluePrism.Api.Setup.LocalizationUtility\BluePrism.Api.Setup.LocalizationUtility.csproj", "{73909268-88D8-4A8C-B231-FBD90E2C64C0}"
EndProject
Global
	GlobalSection(SolutionConfigurationPlatforms) = preSolution
		Debug|Any CPU = Debug|Any CPU
		Release|Any CPU = Release|Any CPU
	EndGlobalSection
	GlobalSection(ProjectConfigurationPlatforms) = postSolution
		{9AF56377-5B92-4CC0-B0B3-D982ED793406}.Debug|Any CPU.ActiveCfg = Debug|Any CPU
		{9AF56377-5B92-4CC0-B0B3-D982ED793406}.Debug|Any CPU.Build.0 = Debug|Any CPU
		{9AF56377-5B92-4CC0-B0B3-D982ED793406}.Release|Any CPU.ActiveCfg = Release|Any CPU
		{9AF56377-5B92-4CC0-B0B3-D982ED793406}.Release|Any CPU.Build.0 = Release|Any CPU
		{A71D4B13-898C-4074-923D-1974E7E85012}.Debug|Any CPU.ActiveCfg = Debug|Any CPU
		{A71D4B13-898C-4074-923D-1974E7E85012}.Debug|Any CPU.Build.0 = Debug|Any CPU
		{A71D4B13-898C-4074-923D-1974E7E85012}.Release|Any CPU.ActiveCfg = Release|Any CPU
		{A71D4B13-898C-4074-923D-1974E7E85012}.Release|Any CPU.Build.0 = Release|Any CPU
		{5970622C-B2B4-4C54-B388-BB7E928D1F27}.Debug|Any CPU.ActiveCfg = Debug|Any CPU
		{5970622C-B2B4-4C54-B388-BB7E928D1F27}.Debug|Any CPU.Build.0 = Debug|Any CPU
		{5970622C-B2B4-4C54-B388-BB7E928D1F27}.Release|Any CPU.ActiveCfg = Release|Any CPU
		{5970622C-B2B4-4C54-B388-BB7E928D1F27}.Release|Any CPU.Build.0 = Release|Any CPU
		{0A22F03B-8366-41F0-87E2-B18BF0825DE0}.Debug|Any CPU.ActiveCfg = Debug|Any CPU
		{0A22F03B-8366-41F0-87E2-B18BF0825DE0}.Debug|Any CPU.Build.0 = Debug|Any CPU
		{0A22F03B-8366-41F0-87E2-B18BF0825DE0}.Release|Any CPU.ActiveCfg = Release|Any CPU
		{0A22F03B-8366-41F0-87E2-B18BF0825DE0}.Release|Any CPU.Build.0 = Release|Any CPU
		{73909268-88D8-4A8C-B231-FBD90E2C64C0}.Debug|Any CPU.ActiveCfg = Debug|Any CPU
		{73909268-88D8-4A8C-B231-FBD90E2C64C0}.Debug|Any CPU.Build.0 = Debug|Any CPU
		{73909268-88D8-4A8C-B231-FBD90E2C64C0}.Release|Any CPU.ActiveCfg = Release|Any CPU
		{73909268-88D8-4A8C-B231-FBD90E2C64C0}.Release|Any CPU.Build.0 = Release|Any CPU
	EndGlobalSection
	GlobalSection(SolutionProperties) = preSolution
		HideSolutionNode = FALSE
	EndGlobalSection
	GlobalSection(ExtensibilityGlobals) = postSolution
		SolutionGuid = {58ED29FF-877D-44DD-A3F5-B2697BF233E8}
	EndGlobalSection
EndGlobal
